<?xml version="1.0" encoding="utf-8"?>
<Project ToolsVersion="4.0" xmlns="http://schemas.microsoft.com/developer/msbuild/2003">
  <ItemGroup>
    <Filter Include="ソース ファイル">
      <UniqueIdentifier>{4FC737F1-C7A5-4376-A066-2A32D752A2FF}</UniqueIdentifier>
      <Extensions>cpp;c;cc;cxx;c++;cppm;ixx;def;odl;idl;hpj;bat;asm;asmx</Extensions>
    </Filter>
    <Filter Include="ヘッダー ファイル">
      <UniqueIdentifier>{93995380-89BD-4b04-88EB-625FBE52EBFB}</UniqueIdentifier>
      <Extensions>h;hh;hpp;hxx;h++;hm;inl;inc;ipp;xsd</Extensions>
    </Filter>
    <Filter Include="リソース ファイル">
      <UniqueIdentifier>{67DA6AB6-F800-4c08-8B7A-83BB121AAD01}</UniqueIdentifier>
      <Extensions>rc;ico;cur;bmp;dlg;rc2;rct;bin;rgs;gif;jpg;jpeg;jpe;resx;tiff;tif;png;wav;mfcribbon-ms</Extensions>
    </Filter>
  </ItemGroup>
  <ItemGroup>
    <ClCompile Include="main.cpp">
      <Filter>ソース ファイル</Filter>
    </ClCompile>
    <ClCompile Include="AbstractScene.cpp">
      <Filter>ソース ファイル</Filter>
    </ClCompile>
    <ClCompile Include="Animation.cpp">
      <Filter>ソース ファイル</Filter>
    </ClCompile>
    <ClCompile Include="AnimationMove.cpp">
      <Filter>ソース ファイル</Filter>
    </ClCompile>
    <ClCompile Include="AnimationMoveBullet.cpp">
      <Filter>ソース ファイル</Filter>
    </ClCompile>
    <ClCompile Include="AnimationMovePlayer.cpp">
      <Filter>ソース ファイル</Filter>
    </ClCompile>
    <ClCompile Include="AnimationMoveSword.cpp">
      <Filter>ソース ファイル</Filter>
    </ClCompile>
    <ClCompile Include="AnimationSwitch.cpp">
      <Filter>ソース ファイル</Filter>
    </ClCompile>
    <ClCompile Include="AnimationSwitchBullet.cpp">
      <Filter>ソース ファイル</Filter>
    </ClCompile>
    <ClCompile Include="AnimationSwitchSword.cpp">
      <Filter>ソース ファイル</Filter>
    </ClCompile>
    <ClCompile Include="Bullet.cpp">
      <Filter>ソース ファイル</Filter>
    </ClCompile>
    <ClCompile Include="CalcDamagesOverlap.cpp">
      <Filter>ソース ファイル</Filter>
    </ClCompile>
    <ClCompile Include="CalcUtils.cpp">
      <Filter>ソース ファイル</Filter>
    </ClCompile>
    <ClCompile Include="CharacterDirect.cpp">
      <Filter>ソース ファイル</Filter>
    </ClCompile>
    <ClCompile Include="CollisionDetect.cpp">
      <Filter>ソース ファイル</Filter>
    </ClCompile>
    <ClCompile Include="ConfigScene.cpp">
      <Filter>ソース ファイル</Filter>
    </ClCompile>
    <ClCompile Include="Controller.cpp">
      <Filter>ソース ファイル</Filter>
    </ClCompile>
    <ClCompile Include="Enemy.cpp">
      <Filter>ソース ファイル</Filter>
    </ClCompile>
    <ClCompile Include="EnemyLoad.cpp">
      <Filter>ソース ファイル</Filter>
    </ClCompile>
    <ClCompile Include="EnemyStatus.cpp">
      <Filter>ソース ファイル</Filter>
    </ClCompile>
    <ClCompile Include="Fps.cpp">
      <Filter>ソース ファイル</Filter>
    </ClCompile>
    <ClCompile Include="Gamepad.cpp">
      <Filter>ソース ファイル</Filter>
    </ClCompile>
    <ClCompile Include="GameScene.cpp">
      <Filter>ソース ファイル</Filter>
    </ClCompile>
    <ClCompile Include="Keyboard.cpp">
      <Filter>ソース ファイル</Filter>
    </ClCompile>
    <ClCompile Include="MenuScene.cpp">
      <Filter>ソース ファイル</Filter>
    </ClCompile>
    <ClCompile Include="Player.cpp">
      <Filter>ソース ファイル</Filter>
    </ClCompile>
    <ClCompile Include="PlayerStatus.cpp">
      <Filter>ソース ファイル</Filter>
    </ClCompile>
    <ClCompile Include="PredictPoint.cpp">
      <Filter>ソース ファイル</Filter>
    </ClCompile>
    <ClCompile Include="PredictStageShift.cpp">
      <Filter>ソース ファイル</Filter>
    </ClCompile>
    <ClCompile Include="Pysical.cpp">
      <Filter>ソース ファイル</Filter>
    </ClCompile>
    <ClCompile Include="PysicalBullet.cpp">
      <Filter>ソース ファイル</Filter>
    </ClCompile>
    <ClCompile Include="PysicalSword.cpp">
      <Filter>ソース ファイル</Filter>
    </ClCompile>
    <ClCompile Include="RestrictPoint.cpp">
      <Filter>ソース ファイル</Filter>
    </ClCompile>
    <ClCompile Include="SelectWindow.cpp">
      <Filter>ソース ファイル</Filter>
    </ClCompile>
    <ClCompile Include="Stage.cpp">
      <Filter>ソース ファイル</Filter>
    </ClCompile>
    <ClCompile Include="StageLoad.cpp">
      <Filter>ソース ファイル</Filter>
    </ClCompile>
    <ClCompile Include="StartScene.cpp">
      <Filter>ソース ファイル</Filter>
    </ClCompile>
    <ClCompile Include="Sword.cpp">
      <Filter>ソース ファイル</Filter>
    </ClCompile>
    <ClCompile Include="SystemLooper.cpp">
      <Filter>ソース ファイル</Filter>
    </ClCompile>
    <ClCompile Include="SystemOwner.cpp">
      <Filter>ソース ファイル</Filter>
    </ClCompile>
    <ClCompile Include="VirtualController.cpp">
      <Filter>ソース ファイル</Filter>
    </ClCompile>
  </ItemGroup>
  <ItemGroup>
    <ClInclude Include="AbsDamageObj.h">
      <Filter>ソース ファイル</Filter>
    </ClInclude>
    <ClInclude Include="AbstractScene.h">
      <Filter>ソース ファイル</Filter>
    </ClInclude>
    <ClInclude Include="Animation.h">
      <Filter>ソース ファイル</Filter>
    </ClInclude>
    <ClInclude Include="AnimationMove.h">
      <Filter>ソース ファイル</Filter>
    </ClInclude>
    <ClInclude Include="AnimationMoveBullet.h">
      <Filter>ソース ファイル</Filter>
    </ClInclude>
    <ClInclude Include="AnimationMovePlayer.h">
      <Filter>ソース ファイル</Filter>
    </ClInclude>
    <ClInclude Include="AnimationMoveSword.h">
      <Filter>ソース ファイル</Filter>
    </ClInclude>
    <ClInclude Include="AnimationSwitch.h">
      <Filter>ソース ファイル</Filter>
    </ClInclude>
    <ClInclude Include="AnimationSwitchBullet.h">
      <Filter>ソース ファイル</Filter>
    </ClInclude>
    <ClInclude Include="AnimationSwitchSword.h">
      <Filter>ソース ファイル</Filter>
    </ClInclude>
    <ClInclude Include="Bullet.h">
      <Filter>ソース ファイル</Filter>
    </ClInclude>
    <ClInclude Include="CalcDamagesOverlap.h">
      <Filter>ソース ファイル</Filter>
    </ClInclude>
    <ClInclude Include="CalcUtils.h">
      <Filter>ソース ファイル</Filter>
    </ClInclude>
    <ClInclude Include="CharacterDirect.h">
      <Filter>ソース ファイル</Filter>
    </ClInclude>
    <ClInclude Include="CollisionDetect.h">
      <Filter>ソース ファイル</Filter>
    </ClInclude>
    <ClInclude Include="ConfigScene.h">
      <Filter>ソース ファイル</Filter>
    </ClInclude>
    <ClInclude Include="Controller.h">
      <Filter>ソース ファイル</Filter>
    </ClInclude>
    <ClInclude Include="Define.h">
      <Filter>ソース ファイル</Filter>
    </ClInclude>
    <ClInclude Include="Enemy.h">
      <Filter>ソース ファイル</Filter>
    </ClInclude>
    <ClInclude Include="EnemyLoad.h">
      <Filter>ソース ファイル</Filter>
    </ClInclude>
    <ClInclude Include="EnemyStatus.h">
      <Filter>ソース ファイル</Filter>
    </ClInclude>
    <ClInclude Include="Fps.h">
      <Filter>ソース ファイル</Filter>
    </ClInclude>
    <ClInclude Include="Gamepad.h">
      <Filter>ソース ファイル</Filter>
    </ClInclude>
    <ClInclude Include="GameScene.h">
      <Filter>ソース ファイル</Filter>
    </ClInclude>
    <ClInclude Include="ImagePath_Effect.h">
      <Filter>ソース ファイル</Filter>
    </ClInclude>
    <ClInclude Include="ImagePath_Object.h">
      <Filter>ソース ファイル</Filter>
    </ClInclude>
    <ClInclude Include="ImagePath_Unitychan.h">
      <Filter>ソース ファイル</Filter>
    </ClInclude>
    <ClInclude Include="ISceneChanger.h">
      <Filter>ソース ファイル</Filter>
    </ClInclude>
    <ClInclude Include="Keyboard.h">
      <Filter>ソース ファイル</Filter>
    </ClInclude>
    <ClInclude Include="MenuScene.h">
      <Filter>ソース ファイル</Filter>
    </ClInclude>
    <ClInclude Include="Player.h">
      <Filter>ソース ファイル</Filter>
    </ClInclude>
    <ClInclude Include="PlayerGenerateDamageObj.h">
      <Filter>ソース ファイル</Filter>
    </ClInclude>
    <ClInclude Include="PlayerStatus.h">
      <Filter>ソース ファイル</Filter>
    </ClInclude>
    <ClInclude Include="PredictPoint.h">
      <Filter>ソース ファイル</Filter>
    </ClInclude>
    <ClInclude Include="PredictStageShift.h">
      <Filter>ソース ファイル</Filter>
    </ClInclude>
    <ClInclude Include="Pysical.h">
      <Filter>ソース ファイル</Filter>
    </ClInclude>
    <ClInclude Include="PysicalBullet.h">
      <Filter>ソース ファイル</Filter>
    </ClInclude>
    <ClInclude Include="PysicalSword.h">
      <Filter>ソース ファイル</Filter>
    </ClInclude>
    <ClInclude Include="RestrictPoint.h">
      <Filter>ソース ファイル</Filter>
    </ClInclude>
    <ClInclude Include="SelectWindow.h">
      <Filter>ソース ファイル</Filter>
    </ClInclude>
    <ClInclude Include="Singleton.h">
      <Filter>ソース ファイル</Filter>
    </ClInclude>
    <ClInclude Include="Stage.h">
      <Filter>ソース ファイル</Filter>
    </ClInclude>
    <ClInclude Include="StageLoad.h">
      <Filter>ソース ファイル</Filter>
    </ClInclude>
    <ClInclude Include="StartScene.h">
      <Filter>ソース ファイル</Filter>
    </ClInclude>
    <ClInclude Include="Sword.h">
      <Filter>ソース ファイル</Filter>
    </ClInclude>
    <ClInclude Include="SystemLooper.h">
      <Filter>ソース ファイル</Filter>
    </ClInclude>
    <ClInclude Include="SystemOwner.h">
      <Filter>ソース ファイル</Filter>
    </ClInclude>
    <ClInclude Include="Task.h">
      <Filter>ソース ファイル</Filter>
    </ClInclude>
    <ClInclude Include="Unitychan_ImagePath.h">
      <Filter>ソース ファイル</Filter>
    </ClInclude>
    <ClInclude Include="VirtualController.h">
      <Filter>ソース ファイル</Filter>
    </ClInclude>
  </ItemGroup>
</Project>